// !$*UTF8*$!
{
	archiveVersion = 1;
	classes = {
	};
	objectVersion = 50;
	objects = {

/* Begin PBXBuildFile section */
		A2B88639244A792000471301 /* AppDelegate.swift in Sources */ = {isa = PBXBuildFile; fileRef = A2B88638244A792000471301 /* AppDelegate.swift */; };
		A2B8863B244A792000471301 /* SceneDelegate.swift in Sources */ = {isa = PBXBuildFile; fileRef = A2B8863A244A792000471301 /* SceneDelegate.swift */; };
		A2B8863D244A792000471301 /* ContentView.swift in Sources */ = {isa = PBXBuildFile; fileRef = A2B8863C244A792000471301 /* ContentView.swift */; };
		A2B8863F244A792100471301 /* Assets.xcassets in Resources */ = {isa = PBXBuildFile; fileRef = A2B8863E244A792100471301 /* Assets.xcassets */; };
		A2B88642244A792100471301 /* Preview Assets.xcassets in Resources */ = {isa = PBXBuildFile; fileRef = A2B88641244A792100471301 /* Preview Assets.xcassets */; };
		A2B88645244A792100471301 /* LaunchScreen.storyboard in Resources */ = {isa = PBXBuildFile; fileRef = A2B88643244A792100471301 /* LaunchScreen.storyboard */; };
		A2B88650244A792100471301 /* InFrameTests.swift in Sources */ = {isa = PBXBuildFile; fileRef = A2B8864F244A792100471301 /* InFrameTests.swift */; };
/* End PBXBuildFile section */

/* Begin PBXContainerItemProxy section */
		A2B8864C244A792100471301 /* PBXContainerItemProxy */ = {
			isa = PBXContainerItemProxy;
			containerPortal = A2B8862D244A792000471301 /* Project object */;
			proxyType = 1;
			remoteGlobalIDString = A2B88634244A792000471301;
			remoteInfo = InFrame;
		};
/* End PBXContainerItemProxy section */

/* Begin PBXFileReference section */
		A2B88635244A792000471301 /* InFrame.app */ = {isa = PBXFileReference; explicitFileType = wrapper.application; includeInIndex = 0; path = InFrame.app; sourceTree = BUILT_PRODUCTS_DIR; };
		A2B88638244A792000471301 /* AppDelegate.swift */ = {isa = PBXFileReference; lastKnownFileType = sourcecode.swift; path = AppDelegate.swift; sourceTree = "<group>"; };
		A2B8863A244A792000471301 /* SceneDelegate.swift */ = {isa = PBXFileReference; lastKnownFileType = sourcecode.swift; path = SceneDelegate.swift; sourceTree = "<group>"; };
		A2B8863C244A792000471301 /* ContentView.swift */ = {isa = PBXFileReference; lastKnownFileType = sourcecode.swift; path = ContentView.swift; sourceTree = "<group>"; };
		A2B8863E244A792100471301 /* Assets.xcassets */ = {isa = PBXFileReference; lastKnownFileType = folder.assetcatalog; path = Assets.xcassets; sourceTree = "<group>"; };
		A2B88641244A792100471301 /* Preview Assets.xcassets */ = {isa = PBXFileReference; lastKnownFileType = folder.assetcatalog; path = "Preview Assets.xcassets"; sourceTree = "<group>"; };
		A2B88644244A792100471301 /* Base */ = {isa = PBXFileReference; lastKnownFileType = file.storyboard; name = Base; path = Base.lproj/LaunchScreen.storyboard; sourceTree = "<group>"; };
		A2B88646244A792100471301 /* Info.plist */ = {isa = PBXFileReference; lastKnownFileType = text.plist.xml; path = Info.plist; sourceTree = "<group>"; };
		A2B8864B244A792100471301 /* InFrameTests.xctest */ = {isa = PBXFileReference; explicitFileType = wrapper.cfbundle; includeInIndex = 0; path = InFrameTests.xctest; sourceTree = BUILT_PRODUCTS_DIR; };
		A2B8864F244A792100471301 /* InFrameTests.swift */ = {isa = PBXFileReference; lastKnownFileType = sourcecode.swift; path = InFrameTests.swift; sourceTree = "<group>"; };
		A2B88651244A792100471301 /* Info.plist */ = {isa = PBXFileReference; lastKnownFileType = text.plist.xml; path = Info.plist; sourceTree = "<group>"; };
/* End PBXFileReference section */

/* Begin PBXFrameworksBuildPhase section */
		A2B88632244A792000471301 /* Frameworks */ = {
			isa = PBXFrameworksBuildPhase;
			buildActionMask = 2147483647;
			files = (
			);
			runOnlyForDeploymentPostprocessing = 0;
		};
		A2B88648244A792100471301 /* Frameworks */ = {
			isa = PBXFrameworksBuildPhase;
			buildActionMask = 2147483647;
			files = (
			);
			runOnlyForDeploymentPostprocessing = 0;
		};
/* End PBXFrameworksBuildPhase section */

/* Begin PBXGroup section */
		A2B8862C244A792000471301 = {
			isa = PBXGroup;
			children = (
				A2B88637244A792000471301 /* InFrame */,
				A2B8864E244A792100471301 /* InFrameTests */,
				A2B88636244A792000471301 /* Products */,
			);
			sourceTree = "<group>";
		};
		A2B88636244A792000471301 /* Products */ = {
			isa = PBXGroup;
			children = (
				A2B88635244A792000471301 /* InFrame.app */,
				A2B8864B244A792100471301 /* InFrameTests.xctest */,
			);
			name = Products;
			sourceTree = "<group>";
		};
		A2B88637244A792000471301 /* InFrame */ = {
			isa = PBXGroup;
			children = (
				A2B88638244A792000471301 /* AppDelegate.swift */,
				A2B8863A244A792000471301 /* SceneDelegate.swift */,
				A2B8863C244A792000471301 /* ContentView.swift */,
				A2B8863E244A792100471301 /* Assets.xcassets */,
				A2B88643244A792100471301 /* LaunchScreen.storyboard */,
				A2B88646244A792100471301 /* Info.plist */,
				A2B88640244A792100471301 /* Preview Content */,
			);
			path = InFrame;
			sourceTree = "<group>";
		};
		A2B88640244A792100471301 /* Preview Content */ = {
			isa = PBXGroup;
			children = (
				A2B88641244A792100471301 /* Preview Assets.xcassets */,
			);
			path = "Preview Content";
			sourceTree = "<group>";
		};
		A2B8864E244A792100471301 /* InFrameTests */ = {
			isa = PBXGroup;
			children = (
				A2B8864F244A792100471301 /* InFrameTests.swift */,
				A2B88651244A792100471301 /* Info.plist */,
			);
			path = InFrameTests;
			sourceTree = "<group>";
		};
/* End PBXGroup section */

/* Begin PBXNativeTarget section */
		A2B88634244A792000471301 /* InFrame */ = {
			isa = PBXNativeTarget;
			buildConfigurationList = A2B88654244A792100471301 /* Build configuration list for PBXNativeTarget "InFrame" */;
			buildPhases = (
				A2B88631244A792000471301 /* Sources */,
				A2B88632244A792000471301 /* Frameworks */,
				A2B88633244A792000471301 /* Resources */,
			);
			buildRules = (
			);
			dependencies = (
			);
			name = InFrame;
			productName = InFrame;
			productReference = A2B88635244A792000471301 /* InFrame.app */;
			productType = "com.apple.product-type.application";
		};
		A2B8864A244A792100471301 /* InFrameTests */ = {
			isa = PBXNativeTarget;
			buildConfigurationList = A2B88657244A792100471301 /* Build configuration list for PBXNativeTarget "InFrameTests" */;
			buildPhases = (
				A2B88647244A792100471301 /* Sources */,
				A2B88648244A792100471301 /* Frameworks */,
				A2B88649244A792100471301 /* Resources */,
			);
			buildRules = (
			);
			dependencies = (
				A2B8864D244A792100471301 /* PBXTargetDependency */,
			);
			name = InFrameTests;
			productName = InFrameTests;
			productReference = A2B8864B244A792100471301 /* InFrameTests.xctest */;
			productType = "com.apple.product-type.bundle.unit-test";
		};
/* End PBXNativeTarget section */

/* Begin PBXProject section */
		A2B8862D244A792000471301 /* Project object */ = {
			isa = PBXProject;
			attributes = {
				LastSwiftUpdateCheck = 1140;
				LastUpgradeCheck = 1140;
				ORGANIZATIONNAME = "Ike Kilinc";
				TargetAttributes = {
					A2B88634244A792000471301 = {
						CreatedOnToolsVersion = 11.4.1;
					};
					A2B8864A244A792100471301 = {
						CreatedOnToolsVersion = 11.4.1;
						TestTargetID = A2B88634244A792000471301;
					};
				};
			};
			buildConfigurationList = A2B88630244A792000471301 /* Build configuration list for PBXProject "InFrame" */;
			compatibilityVersion = "Xcode 9.3";
			developmentRegion = en;
			hasScannedForEncodings = 0;
			knownRegions = (
				en,
				Base,
			);
			mainGroup = A2B8862C244A792000471301;
			productRefGroup = A2B88636244A792000471301 /* Products */;
			projectDirPath = "";
			projectRoot = "";
			targets = (
				A2B88634244A792000471301 /* InFrame */,
				A2B8864A244A792100471301 /* InFrameTests */,
			);
		};
/* End PBXProject section */

/* Begin PBXResourcesBuildPhase section */
		A2B88633244A792000471301 /* Resources */ = {
			isa = PBXResourcesBuildPhase;
			buildActionMask = 2147483647;
			files = (
				A2B88645244A792100471301 /* LaunchScreen.storyboard in Resources */,
				A2B88642244A792100471301 /* Preview Assets.xcassets in Resources */,
				A2B8863F244A792100471301 /* Assets.xcassets in Resources */,
			);
			runOnlyForDeploymentPostprocessing = 0;
		};
		A2B88649244A792100471301 /* Resources */ = {
			isa = PBXResourcesBuildPhase;
			buildActionMask = 2147483647;
			files = (
			);
			runOnlyForDeploymentPostprocessing = 0;
		};
/* End PBXResourcesBuildPhase section */

/* Begin PBXSourcesBuildPhase section */
		A2B88631244A792000471301 /* Sources */ = {
			isa = PBXSourcesBuildPhase;
			buildActionMask = 2147483647;
			files = (
				A2B88639244A792000471301 /* AppDelegate.swift in Sources */,
				A2B8863B244A792000471301 /* SceneDelegate.swift in Sources */,
				A2B8863D244A792000471301 /* ContentView.swift in Sources */,
			);
			runOnlyForDeploymentPostprocessing = 0;
		};
		A2B88647244A792100471301 /* Sources */ = {
			isa = PBXSourcesBuildPhase;
			buildActionMask = 2147483647;
			files = (
				A2B88650244A792100471301 /* InFrameTests.swift in Sources */,
			);
			runOnlyForDeploymentPostprocessing = 0;
		};
/* End PBXSourcesBuildPhase section */

/* Begin PBXTargetDependency section */
		A2B8864D244A792100471301 /* PBXTargetDependency */ = {
			isa = PBXTargetDependency;
			target = A2B88634244A792000471301 /* InFrame */;
			targetProxy = A2B8864C244A792100471301 /* PBXContainerItemProxy */;
		};
/* End PBXTargetDependency section */

/* Begin PBXVariantGroup section */
		A2B88643244A792100471301 /* LaunchScreen.storyboard */ = {
			isa = PBXVariantGroup;
			children = (
				A2B88644244A792100471301 /* Base */,
			);
			name = LaunchScreen.storyboard;
			sourceTree = "<group>";
		};
/* End PBXVariantGroup section */

/* Begin XCBuildConfiguration section */
		A2B88652244A792100471301 /* Debug */ = {
			isa = XCBuildConfiguration;
			buildSettings = {
				ALWAYS_SEARCH_USER_PATHS = NO;
				CLANG_ANALYZER_NONNULL = YES;
				CLANG_ANALYZER_NUMBER_OBJECT_CONVERSION = YES_AGGRESSIVE;
				CLANG_CXX_LANGUAGE_STANDARD = "gnu++14";
				CLANG_CXX_LIBRARY = "libc++";
				CLANG_ENABLE_MODULES = YES;
				CLANG_ENABLE_OBJC_ARC = YES;
				CLANG_ENABLE_OBJC_WEAK = YES;
				CLANG_WARN_BLOCK_CAPTURE_AUTORELEASING = YES;
				CLANG_WARN_BOOL_CONVERSION = YES;
				CLANG_WARN_COMMA = YES;
				CLANG_WARN_CONSTANT_CONVERSION = YES;
				CLANG_WARN_DEPRECATED_OBJC_IMPLEMENTATIONS = YES;
				CLANG_WARN_DIRECT_OBJC_ISA_USAGE = YES_ERROR;
				CLANG_WARN_DOCUMENTATION_COMMENTS = YES;
				CLANG_WARN_EMPTY_BODY = YES;
				CLANG_WARN_ENUM_CONVERSION = YES;
				CLANG_WARN_INFINITE_RECURSION = YES;
				CLANG_WARN_INT_CONVERSION = YES;
				CLANG_WARN_NON_LITERAL_NULL_CONVERSION = YES;
				CLANG_WARN_OBJC_IMPLICIT_RETAIN_SELF = YES;
				CLANG_WARN_OBJC_LITERAL_CONVERSION = YES;
				CLANG_WARN_OBJC_ROOT_CLASS = YES_ERROR;
				CLANG_WARN_RANGE_LOOP_ANALYSIS = YES;
				CLANG_WARN_STRICT_PROTOTYPES = YES;
				CLANG_WARN_SUSPICIOUS_MOVE = YES;
				CLANG_WARN_UNGUARDED_AVAILABILITY = YES_AGGRESSIVE;
				CLANG_WARN_UNREACHABLE_CODE = YES;
				CLANG_WARN__DUPLICATE_METHOD_MATCH = YES;
				COPY_PHASE_STRIP = NO;
				DEBUG_INFORMATION_FORMAT = dwarf;
				ENABLE_STRICT_OBJC_MSGSEND = YES;
				ENABLE_TESTABILITY = YES;
				GCC_C_LANGUAGE_STANDARD = gnu11;
				GCC_DYNAMIC_NO_PIC = NO;
				GCC_NO_COMMON_BLOCKS = YES;
				GCC_OPTIMIZATION_LEVEL = 0;
				GCC_PREPROCESSOR_DEFINITIONS = (
					"DEBUG=1",
					"$(inherited)",
				);
				GCC_WARN_64_TO_32_BIT_CONVERSION = YES;
				GCC_WARN_ABOUT_RETURN_TYPE = YES_ERROR;
				GCC_WARN_UNDECLARED_SELECTOR = YES;
				GCC_WARN_UNINITIALIZED_AUTOS = YES_AGGRESSIVE;
				GCC_WARN_UNUSED_FUNCTION = YES;
				GCC_WARN_UNUSED_VARIABLE = YES;
				IPHONEOS_DEPLOYMENT_TARGET = 13.4;
				MTL_ENABLE_DEBUG_INFO = INCLUDE_SOURCE;
				MTL_FAST_MATH = YES;
				ONLY_ACTIVE_ARCH = YES;
				SDKROOT = iphoneos;
				SWIFT_ACTIVE_COMPILATION_CONDITIONS = DEBUG;
				SWIFT_OPTIMIZATION_LEVEL = "-Onone";
			};
			name = Debug;
		};
		A2B88653244A792100471301 /* Release */ = {
			isa = XCBuildConfiguration;
			buildSettings = {
				ALWAYS_SEARCH_USER_PATHS = NO;
				CLANG_ANALYZER_NONNULL = YES;
				CLANG_ANALYZER_NUMBER_OBJECT_CONVERSION = YES_AGGRESSIVE;
				CLANG_CXX_LANGUAGE_STANDARD = "gnu++14";
				CLANG_CXX_LIBRARY = "libc++";
				CLANG_ENABLE_MODULES = YES;
				CLANG_ENABLE_OBJC_ARC = YES;
				CLANG_ENABLE_OBJC_WEAK = YES;
				CLANG_WARN_BLOCK_CAPTURE_AUTORELEASING = YES;
				CLANG_WARN_BOOL_CONVERSION = YES;
				CLANG_WARN_COMMA = YES;
				CLANG_WARN_CONSTANT_CONVERSION = YES;
				CLANG_WARN_DEPRECATED_OBJC_IMPLEMENTATIONS = YES;
				CLANG_WARN_DIRECT_OBJC_ISA_USAGE = YES_ERROR;
				CLANG_WARN_DOCUMENTATION_COMMENTS = YES;
				CLANG_WARN_EMPTY_BODY = YES;
				CLANG_WARN_ENUM_CONVERSION = YES;
				CLANG_WARN_INFINITE_RECURSION = YES;
				CLANG_WARN_INT_CONVERSION = YES;
				CLANG_WARN_NON_LITERAL_NULL_CONVERSION = YES;
				CLANG_WARN_OBJC_IMPLICIT_RETAIN_SELF = YES;
				CLANG_WARN_OBJC_LITERAL_CONVERSION = YES;
				CLANG_WARN_OBJC_ROOT_CLASS = YES_ERROR;
				CLANG_WARN_RANGE_LOOP_ANALYSIS = YES;
				CLANG_WARN_STRICT_PROTOTYPES = YES;
				CLANG_WARN_SUSPICIOUS_MOVE = YES;
				CLANG_WARN_UNGUARDED_AVAILABILITY = YES_AGGRESSIVE;
				CLANG_WARN_UNREACHABLE_CODE = YES;
				CLANG_WARN__DUPLICATE_METHOD_MATCH = YES;
				COPY_PHASE_STRIP = NO;
				DEBUG_INFORMATION_FORMAT = "dwarf-with-dsym";
				ENABLE_NS_ASSERTIONS = NO;
				ENABLE_STRICT_OBJC_MSGSEND = YES;
				GCC_C_LANGUAGE_STANDARD = gnu11;
				GCC_NO_COMMON_BLOCKS = YES;
				GCC_WARN_64_TO_32_BIT_CONVERSION = YES;
				GCC_WARN_ABOUT_RETURN_TYPE = YES_ERROR;
				GCC_WARN_UNDECLARED_SELECTOR = YES;
				GCC_WARN_UNINITIALIZED_AUTOS = YES_AGGRESSIVE;
				GCC_WARN_UNUSED_FUNCTION = YES;
				GCC_WARN_UNUSED_VARIABLE = YES;
				IPHONEOS_DEPLOYMENT_TARGET = 13.4;
				MTL_ENABLE_DEBUG_INFO = NO;
				MTL_FAST_MATH = YES;
				SDKROOT = iphoneos;
				SWIFT_COMPILATION_MODE = wholemodule;
				SWIFT_OPTIMIZATION_LEVEL = "-O";
				VALIDATE_PRODUCT = YES;
			};
			name = Release;
		};
		A2B88655244A792100471301 /* Debug */ = {
			isa = XCBuildConfiguration;
			buildSettings = {
				ASSETCATALOG_COMPILER_APPICON_NAME = AppIcon;
				CODE_SIGN_STYLE = Automatic;
				DEVELOPMENT_ASSET_PATHS = "\"InFrame/Preview Content\"";
				ENABLE_PREVIEWS = YES;
				INFOPLIST_FILE = InFrame/Info.plist;
				LD_RUNPATH_SEARCH_PATHS = (
					"$(inherited)",
					"@executable_path/Frameworks",
				);
				PRODUCT_BUNDLE_IDENTIFIER = com.example.InFrame;
				PRODUCT_NAME = "$(TARGET_NAME)";
				SWIFT_VERSION = 5.0;
				TARGETED_DEVICE_FAMILY = "1,2";
			};
			name = Debug;
		};
		A2B88656244A792100471301 /* Release */ = {
			isa = XCBuildConfiguration;
			buildSettings = {
				ASSETCATALOG_COMPILER_APPICON_NAME = AppIcon;
				CODE_SIGN_STYLE = Automatic;
				DEVELOPMENT_ASSET_PATHS = "\"InFrame/Preview Content\"";
				ENABLE_PREVIEWS = YES;
				INFOPLIST_FILE = InFrame/Info.plist;
				LD_RUNPATH_SEARCH_PATHS = (
					"$(inherited)",
					"@executable_path/Frameworks",
				);
				PRODUCT_BUNDLE_IDENTIFIER = com.example.InFrame;
				PRODUCT_NAME = "$(TARGET_NAME)";
				SWIFT_VERSION = 5.0;
				TARGETED_DEVICE_FAMILY = "1,2";
			};
			name = Release;
		};
		A2B88658244A792100471301 /* Debug */ = {
			isa = XCBuildConfiguration;
			buildSettings = {
				ALWAYS_EMBED_SWIFT_STANDARD_LIBRARIES = YES;
				BUNDLE_LOADER = "$(TEST_HOST)";
				CODE_SIGN_STYLE = Automatic;
				INFOPLIST_FILE = InFrameTests/Info.plist;
				IPHONEOS_DEPLOYMENT_TARGET = 13.4;
				LD_RUNPATH_SEARCH_PATHS = (
					"$(inherited)",
					"@executable_path/Frameworks",
					"@loader_path/Frameworks",
				);
				PRODUCT_BUNDLE_IDENTIFIER = com.example.InFrameTests;
				PRODUCT_NAME = "$(TARGET_NAME)";
				SWIFT_VERSION = 5.0;
				TARGETED_DEVICE_FAMILY = "1,2";
				TEST_HOST = "$(BUILT_PRODUCTS_DIR)/InFrame.app/InFrame";
			};
			name = Debug;
		};
		A2B88659244A792100471301 /* Release */ = {
			isa = XCBuildConfiguration;
			buildSettings = {
				ALWAYS_EMBED_SWIFT_STANDARD_LIBRARIES = YES;
				BUNDLE_LOADER = "$(TEST_HOST)";
				CODE_SIGN_STYLE = Automatic;
				INFOPLIST_FILE = InFrameTests/Info.plist;
				IPHONEOS_DEPLOYMENT_TARGET = 13.4;
				LD_RUNPATH_SEARCH_PATHS = (
					"$(inherited)",
					"@executable_path/Frameworks",
					"@loader_path/Frameworks",
				);
				PRODUCT_BUNDLE_IDENTIFIER = com.example.InFrameTests;
				PRODUCT_NAME = "$(TARGET_NAME)";
				SWIFT_VERSION = 5.0;
				TARGETED_DEVICE_FAMILY = "1,2";
				TEST_HOST = "$(BUILT_PRODUCTS_DIR)/InFrame.app/InFrame";
			};
			name = Release;
		};
/* End XCBuildConfiguration section */

/* Begin XCConfigurationList section */
		A2B88630244A792000471301 /* Build configuration list for PBXProject "InFrame" */ = {
			isa = XCConfigurationList;
			buildConfigurations = (
				A2B88652244A792100471301 /* Debug */,
				A2B88653244A792100471301 /* Release */,
			);
			defaultConfigurationIsVisible = 0;
			defaultConfigurationName = Release;
		};
		A2B88654244A792100471301 /* Build configuration list for PBXNativeTarget "InFrame" */ = {
			isa = XCConfigurationList;
			buildConfigurations = (
				A2B88655244A792100471301 /* Debug */,
				A2B88656244A792100471301 /* Release */,
			);
			defaultConfigurationIsVisible = 0;
			defaultConfigurationName = Release;
		};
		A2B88657244A792100471301 /* Build configuration list for PBXNativeTarget "InFrameTests" */ = {
			isa = XCConfigurationList;
			buildConfigurations = (
				A2B88658244A792100471301 /* Debug */,
				A2B88659244A792100471301 /* Release */,
			);
			defaultConfigurationIsVisible = 0;
			defaultConfigurationName = Release;
		};
/* End XCConfigurationList section */
	};
	rootObject = A2B8862D244A792000471301 /* Project object */;
}
